
Microsoft Visual Studio Solution File, Format Version 12.00
# Visual Studio 15
VisualStudioVersion = 15.0.27703.2018
MinimumVisualStudioVersion = 10.0.40219.1
Project("{FAE04EC0-301F-11D3-BF4B-00C04F79EFBC}") = "SpaceGame", "SpaceGame\SpaceGame.csproj", "{832B88B4-237B-409A-B047-A2C1BBFC5F14}"
EndProject
Global
	GlobalSection(SolutionConfigurationPlatforms) = preSolution
		Debug|Any CPU = Debug|Any CPU
		Release|Any CPU = Release|Any CPU
	EndGlobalSection
	GlobalSection(ProjectConfigurationPlatforms) = postSolution
		{832B88B4-237B-409A-B047-A2C1BBFC5F14}.Debug|Any CPU.ActiveCfg = Debug|Any CPU
		{832B88B4-237B-409A-B047-A2C1BBFC5F14}.Debug|Any CPU.Build.0 = Debug|Any CPU
		{832B88B4-237B-409A-B047-A2C1BBFC5F14}.Release|Any CPU.ActiveCfg = Release|Any CPU
		{832B88B4-237B-409A-B047-A2C1BBFC5F14}.Release|Any CPU.Build.0 = Release|Any CPU
	EndGlobalSection
	GlobalSection(SolutionProperties) = preSolution
		HideSolutionNode = FALSE
	EndGlobalSection
	GlobalSection(ExtensibilityGlobals) = postSolution
		SolutionGuid = {3B531A71-9F36-4917-B20D-643DE8A4DF8F}
	EndGlobalSection
EndGlobal
